
Microsoft Visual Studio Solution File, Format Version 12.00
# Visual Studio Version 16
VisualStudioVersion = 16.0.31729.503
MinimumVisualStudioVersion = 10.0.40219.1
Project("{8BC9CEB8-8B4A-11D0-8D11-00A0C91BC942}") = "Lab2-3.3.5", "Lab2-3.3.5.vcxproj", "{4A217E43-C9AF-4AC1-8CB8-843D08B8205A}"
EndProject
Project("{8BC9CEB8-8B4A-11D0-8D11-00A0C91BC942}") = "UnitTest1", "UnitTest1\UnitTest1.vcxproj", "{832A2FFF-9949-4C6E-AD5C-A65F2228F922}"
EndProject
Global
	GlobalSection(SolutionConfigurationPlatforms) = preSolution
		Debug|x64 = Debug|x64
		Debug|x86 = Debug|x86
		Release|x64 = Release|x64
		Release|x86 = Release|x86
	EndGlobalSection
	GlobalSection(ProjectConfigurationPlatforms) = postSolution
		{4A217E43-C9AF-4AC1-8CB8-843D08B8205A}.Debug|x64.ActiveCfg = Debug|x64
		{4A217E43-C9AF-4AC1-8CB8-843D08B8205A}.Debug|x64.Build.0 = Debug|x64
		{4A217E43-C9AF-4AC1-8CB8-843D08B8205A}.Debug|x86.ActiveCfg = Debug|Win32
		{4A217E43-C9AF-4AC1-8CB8-843D08B8205A}.Debug|x86.Build.0 = Debug|Win32
		{4A217E43-C9AF-4AC1-8CB8-843D08B8205A}.Release|x64.ActiveCfg = Release|x64
		{4A217E43-C9AF-4AC1-8CB8-843D08B8205A}.Release|x64.Build.0 = Release|x64
		{4A217E43-C9AF-4AC1-8CB8-843D08B8205A}.Release|x86.ActiveCfg = Release|Win32
		{4A217E43-C9AF-4AC1-8CB8-843D08B8205A}.Release|x86.Build.0 = Release|Win32
		{832A2FFF-9949-4C6E-AD5C-A65F2228F922}.Debug|x64.ActiveCfg = Debug|x64
		{832A2FFF-9949-4C6E-AD5C-A65F2228F922}.Debug|x64.Build.0 = Debug|x64
		{832A2FFF-9949-4C6E-AD5C-A65F2228F922}.Debug|x86.ActiveCfg = Debug|Win32
		{832A2FFF-9949-4C6E-AD5C-A65F2228F922}.Debug|x86.Build.0 = Debug|Win32
		{832A2FFF-9949-4C6E-AD5C-A65F2228F922}.Release|x64.ActiveCfg = Release|x64
		{832A2FFF-9949-4C6E-AD5C-A65F2228F922}.Release|x64.Build.0 = Release|x64
		{832A2FFF-9949-4C6E-AD5C-A65F2228F922}.Release|x86.ActiveCfg = Release|Win32
		{832A2FFF-9949-4C6E-AD5C-A65F2228F922}.Release|x86.Build.0 = Release|Win32
	EndGlobalSection
	GlobalSection(SolutionProperties) = preSolution
		HideSolutionNode = FALSE
	EndGlobalSection
	GlobalSection(ExtensibilityGlobals) = postSolution
		SolutionGuid = {6710C43D-C9D2-45CC-9D65-AAA17F7CE3AB}
	EndGlobalSection
EndGlobal
